{
  "requires": true,
  "lockfileVersion": 1,
  "dependencies": {
    "animejs": {
      "version": "3.0.1",
      "resolved": "https://registry.npmjs.org/animejs/-/animejs-3.0.1.tgz",
      "integrity": "sha512-7mMoBQScvA7s4zm3EVgnuXXrtOu6TJNAhU+Ajo7HsXYH0NwbuZIcRHMO65a9NyUlmAXz4VPxlK5cENNOQbCi8g=="
    },
    "base64-arraybuffer": {
      "version": "0.1.5",
      "resolved": "https://registry.npmjs.org/base64-arraybuffer/-/base64-arraybuffer-0.1.5.tgz",
      "integrity": "sha1-c5JncZI7Whl0etZmqlzUv5xunOg="
    },
    "css-line-break": {
      "version": "1.0.1",
      "resolved": "https://registry.npmjs.org/css-line-break/-/css-line-break-1.0.1.tgz",
      "integrity": "sha1-GfIGOjPpX7KDG4ZEbAuAwYivRQo=",
      "requires": {
        "base64-arraybuffer": "^0.1.5"
      }
    },
    "html2canvas": {
      "version": "1.0.0-rc.1",
      "resolved": "https://registry.npmjs.org/html2canvas/-/html2canvas-1.0.0-rc.1.tgz",
      "integrity": "sha512-ImguLJ3goQnY0P6z7n6VqBZ+ViS77Hv6J7iYXBxvdb3NWz3s8/mqr4/Lj0OlMUb3ID+qCQ1BPLIBuRMqhgqvYg==",
      "requires": {
        "css-line-break": "1.0.1"
      }
    },
    "particlesjs": {
      "version": "2.2.3",
      "resolved": "https://registry.npmjs.org/particlesjs/-/particlesjs-2.2.3.tgz",
      "integrity": "sha512-f0rL80Agqdsrnv/uhlLewv+LMdiXHu9MYPzMv0ZLPM06nLx3zmAXMH882fxqO6Uzb91csli8WlWaYd2XPN0d/Q=="
    }
  }
}
